
Microsoft Visual Studio Solution File, Format Version 12.00
# Visual Studio 14
VisualStudioVersion = 14.0.22823.1
MinimumVisualStudioVersion = 10.0.40219.1
Project("{FAE04EC0-301F-11D3-BF4B-00C04F79EFBC}") = "PollPlus", "PollPlus\PollPlus.csproj", "{11B84E28-F511-4A44-B091-5FD013810B3D}"
EndProject
Project("{FAE04EC0-301F-11D3-BF4B-00C04F79EFBC}") = "PollPlus.Tests", "PollPlus.Tests\PollPlus.Tests.csproj", "{E0873370-B37A-4248-BC20-13BAA4576D3A}"
EndProject
Project("{FAE04EC0-301F-11D3-BF4B-00C04F79EFBC}") = "PollPlus.Domain", "PollPlus.Domain\PollPlus.Domain.csproj", "{4453B321-0B2F-4B50-AD60-0FCB599234D5}"
EndProject
Project("{FAE04EC0-301F-11D3-BF4B-00C04F79EFBC}") = "PollPlus.IRepositorio", "PollPlus.IRepositorio\PollPlus.IRepositorio.csproj", "{54C095D4-E712-4D8A-867B-E23410A40CB0}"
EndProject
Project("{FAE04EC0-301F-11D3-BF4B-00C04F79EFBC}") = "PollPlus.Repositorio", "PollPlus.Repositorio\PollPlus.Repositorio.csproj", "{6B396292-1B6C-4B0E-9A7D-4D51B76AF9B0}"
EndProject
Project("{FAE04EC0-301F-11D3-BF4B-00C04F79EFBC}") = "PollPlus.IService", "PollPlus.IService\PollPlus.IService.csproj", "{32757113-5DA4-4EC0-806F-6F82BB02A636}"
EndProject
Project("{FAE04EC0-301F-11D3-BF4B-00C04F79EFBC}") = "PollPlus.Service", "PollPlus.Service\PollPlus.Service.csproj", "{5AF66C72-B30D-4EEF-8567-5C0FBECB870E}"
EndProject
Project("{FAE04EC0-301F-11D3-BF4B-00C04F79EFBC}") = "PollPlus.Migration", "PollPlus.Migration\PollPlus.Migration.csproj", "{76613CD7-BCAE-49B1-BBEA-68A769A4F793}"
EndProject
Project("{FAE04EC0-301F-11D3-BF4B-00C04F79EFBC}") = "PollPlus.DependencyResolver", "PollPlus.DependencyResolver\PollPlus.DependencyResolver.csproj", "{B08898EF-F0FE-49CD-8B61-B211A6B26033}"
EndProject
Global
	GlobalSection(SolutionConfigurationPlatforms) = preSolution
		Debug|Any CPU = Debug|Any CPU
		Release|Any CPU = Release|Any CPU
	EndGlobalSection
	GlobalSection(ProjectConfigurationPlatforms) = postSolution
		{11B84E28-F511-4A44-B091-5FD013810B3D}.Debug|Any CPU.ActiveCfg = Debug|Any CPU
		{11B84E28-F511-4A44-B091-5FD013810B3D}.Debug|Any CPU.Build.0 = Debug|Any CPU
		{11B84E28-F511-4A44-B091-5FD013810B3D}.Release|Any CPU.ActiveCfg = Release|Any CPU
		{11B84E28-F511-4A44-B091-5FD013810B3D}.Release|Any CPU.Build.0 = Release|Any CPU
		{E0873370-B37A-4248-BC20-13BAA4576D3A}.Debug|Any CPU.ActiveCfg = Debug|Any CPU
		{E0873370-B37A-4248-BC20-13BAA4576D3A}.Debug|Any CPU.Build.0 = Debug|Any CPU
		{E0873370-B37A-4248-BC20-13BAA4576D3A}.Release|Any CPU.ActiveCfg = Release|Any CPU
		{E0873370-B37A-4248-BC20-13BAA4576D3A}.Release|Any CPU.Build.0 = Release|Any CPU
		{4453B321-0B2F-4B50-AD60-0FCB599234D5}.Debug|Any CPU.ActiveCfg = Debug|Any CPU
		{4453B321-0B2F-4B50-AD60-0FCB599234D5}.Debug|Any CPU.Build.0 = Debug|Any CPU
		{4453B321-0B2F-4B50-AD60-0FCB599234D5}.Release|Any CPU.ActiveCfg = Release|Any CPU
		{4453B321-0B2F-4B50-AD60-0FCB599234D5}.Release|Any CPU.Build.0 = Release|Any CPU
		{54C095D4-E712-4D8A-867B-E23410A40CB0}.Debug|Any CPU.ActiveCfg = Debug|Any CPU
		{54C095D4-E712-4D8A-867B-E23410A40CB0}.Debug|Any CPU.Build.0 = Debug|Any CPU
		{54C095D4-E712-4D8A-867B-E23410A40CB0}.Release|Any CPU.ActiveCfg = Release|Any CPU
		{54C095D4-E712-4D8A-867B-E23410A40CB0}.Release|Any CPU.Build.0 = Release|Any CPU
		{6B396292-1B6C-4B0E-9A7D-4D51B76AF9B0}.Debug|Any CPU.ActiveCfg = Debug|Any CPU
		{6B396292-1B6C-4B0E-9A7D-4D51B76AF9B0}.Debug|Any CPU.Build.0 = Debug|Any CPU
		{6B396292-1B6C-4B0E-9A7D-4D51B76AF9B0}.Release|Any CPU.ActiveCfg = Release|Any CPU
		{6B396292-1B6C-4B0E-9A7D-4D51B76AF9B0}.Release|Any CPU.Build.0 = Release|Any CPU
		{32757113-5DA4-4EC0-806F-6F82BB02A636}.Debug|Any CPU.ActiveCfg = Debug|Any CPU
		{32757113-5DA4-4EC0-806F-6F82BB02A636}.Debug|Any CPU.Build.0 = Debug|Any CPU
		{32757113-5DA4-4EC0-806F-6F82BB02A636}.Release|Any CPU.ActiveCfg = Release|Any CPU
		{32757113-5DA4-4EC0-806F-6F82BB02A636}.Release|Any CPU.Build.0 = Release|Any CPU
		{5AF66C72-B30D-4EEF-8567-5C0FBECB870E}.Debug|Any CPU.ActiveCfg = Debug|Any CPU
		{5AF66C72-B30D-4EEF-8567-5C0FBECB870E}.Debug|Any CPU.Build.0 = Debug|Any CPU
		{5AF66C72-B30D-4EEF-8567-5C0FBECB870E}.Release|Any CPU.ActiveCfg = Release|Any CPU
		{5AF66C72-B30D-4EEF-8567-5C0FBECB870E}.Release|Any CPU.Build.0 = Release|Any CPU
		{76613CD7-BCAE-49B1-BBEA-68A769A4F793}.Debug|Any CPU.ActiveCfg = Debug|Any CPU
		{76613CD7-BCAE-49B1-BBEA-68A769A4F793}.Debug|Any CPU.Build.0 = Debug|Any CPU
		{76613CD7-BCAE-49B1-BBEA-68A769A4F793}.Release|Any CPU.ActiveCfg = Release|Any CPU
		{76613CD7-BCAE-49B1-BBEA-68A769A4F793}.Release|Any CPU.Build.0 = Release|Any CPU
		{B08898EF-F0FE-49CD-8B61-B211A6B26033}.Debug|Any CPU.ActiveCfg = Debug|Any CPU
		{B08898EF-F0FE-49CD-8B61-B211A6B26033}.Debug|Any CPU.Build.0 = Debug|Any CPU
		{B08898EF-F0FE-49CD-8B61-B211A6B26033}.Release|Any CPU.ActiveCfg = Release|Any CPU
		{B08898EF-F0FE-49CD-8B61-B211A6B26033}.Release|Any CPU.Build.0 = Release|Any CPU
	EndGlobalSection
	GlobalSection(SolutionProperties) = preSolution
		HideSolutionNode = FALSE
	EndGlobalSection
EndGlobal
